
Microsoft Visual Studio Solution File, Format Version 12.00
# Visual Studio Version 17
VisualStudioVersion = 17.10.35027.167
MinimumVisualStudioVersion = 10.0.40219.1
Project("{FAE04EC0-301F-11D3-BF4B-00C04F79EFBC}") = "Footwear Management System", "Footwear Manaement System\Footwear Management System.csproj", "{21F7E659-9DEC-4D5A-8B62-F75C1513C8AA}"
EndProject
Global
	GlobalSection(SolutionConfigurationPlatforms) = preSolution
		Debug|Any CPU = Debug|Any CPU
		Release|Any CPU = Release|Any CPU
	EndGlobalSection
	GlobalSection(ProjectConfigurationPlatforms) = postSolution
		{21F7E659-9DEC-4D5A-8B62-F75C1513C8AA}.Debug|Any CPU.ActiveCfg = Debug|Any CPU
		{21F7E659-9DEC-4D5A-8B62-F75C1513C8AA}.Debug|Any CPU.Build.0 = Debug|Any CPU
		{21F7E659-9DEC-4D5A-8B62-F75C1513C8AA}.Release|Any CPU.ActiveCfg = Release|Any CPU
		{21F7E659-9DEC-4D5A-8B62-F75C1513C8AA}.Release|Any CPU.Build.0 = Release|Any CPU
	EndGlobalSection
	GlobalSection(SolutionProperties) = preSolution
		HideSolutionNode = FALSE
	EndGlobalSection
	GlobalSection(ExtensibilityGlobals) = postSolution
		SolutionGuid = {78B2EE93-DEBB-42F9-B6E5-C2D15207768C}
	EndGlobalSection
EndGlobal
